// !$*UTF8*$!
{
	archiveVersion = 1;
	classes = {
	};
	objectVersion = 50;
	objects = {

/* Begin PBXBuildFile section */
		23F903CB26ECB4E400CB98BF /* AppDelegate.swift in Sources */ = {isa = PBXBuildFile; fileRef = 23F903CA26ECB4E400CB98BF /* AppDelegate.swift */; };
		23F903D526ECB4E400CB98BF /* RedditPosts.xcdatamodeld in Sources */ = {isa = PBXBuildFile; fileRef = 23F903D326ECB4E400CB98BF /* RedditPosts.xcdatamodeld */; };
		23F903D726ECB4E700CB98BF /* Assets.xcassets in Resources */ = {isa = PBXBuildFile; fileRef = 23F903D626ECB4E700CB98BF /* Assets.xcassets */; };
		23F903DA26ECB4E700CB98BF /* LaunchScreen.storyboard in Resources */ = {isa = PBXBuildFile; fileRef = 23F903D826ECB4E700CB98BF /* LaunchScreen.storyboard */; };
		23F903E526ECB4E700CB98BF /* RedditPostsTests.swift in Sources */ = {isa = PBXBuildFile; fileRef = 23F903E426ECB4E700CB98BF /* RedditPostsTests.swift */; };
		23F903F026ECB4E700CB98BF /* RedditPostsUITests.swift in Sources */ = {isa = PBXBuildFile; fileRef = 23F903EF26ECB4E700CB98BF /* RedditPostsUITests.swift */; };
		23F9040426ECC19800CB98BF /* PostsStoryboard.storyboard in Resources */ = {isa = PBXBuildFile; fileRef = 23F9040326ECC19800CB98BF /* PostsStoryboard.storyboard */; };
		23F9040626ECC1E300CB98BF /* PostsViewController.swift in Sources */ = {isa = PBXBuildFile; fileRef = 23F9040526ECC1E300CB98BF /* PostsViewController.swift */; };
		23F9040826ECC22F00CB98BF /* PostsWorker.swift in Sources */ = {isa = PBXBuildFile; fileRef = 23F9040726ECC22F00CB98BF /* PostsWorker.swift */; };
		23F9040A26ECC23D00CB98BF /* Post.swift in Sources */ = {isa = PBXBuildFile; fileRef = 23F9040926ECC23D00CB98BF /* Post.swift */; };
		23F9040C26ECC86D00CB98BF /* PostService.swift in Sources */ = {isa = PBXBuildFile; fileRef = 23F9040B26ECC86D00CB98BF /* PostService.swift */; };
		23F9040F26ECC8F900CB98BF /* Api.swift in Sources */ = {isa = PBXBuildFile; fileRef = 23F9040E26ECC8F900CB98BF /* Api.swift */; };
		23F9041126ECCAF300CB98BF /* HttpMethod.swift in Sources */ = {isa = PBXBuildFile; fileRef = 23F9041026ECCAF300CB98BF /* HttpMethod.swift */; };
		23F9041326ECCD9C00CB98BF /* Endpoints.swift in Sources */ = {isa = PBXBuildFile; fileRef = 23F9041226ECCD9C00CB98BF /* Endpoints.swift */; };
		23F9041626ECDB3400CB98BF /* CodableExtensions.swift in Sources */ = {isa = PBXBuildFile; fileRef = 23F9041526ECDB3400CB98BF /* CodableExtensions.swift */; };
		23F9041826ECDD2E00CB98BF /* PostsPresenter.swift in Sources */ = {isa = PBXBuildFile; fileRef = 23F9041726ECDD2E00CB98BF /* PostsPresenter.swift */; };
		23F9041A26EE050500CB98BF /* PostsTableViewCell.swift in Sources */ = {isa = PBXBuildFile; fileRef = 23F9041926EE050500CB98BF /* PostsTableViewCell.swift */; };
/* End PBXBuildFile section */

/* Begin PBXContainerItemProxy section */
		23F903E126ECB4E700CB98BF /* PBXContainerItemProxy */ = {
			isa = PBXContainerItemProxy;
			containerPortal = 23F903BF26ECB4E400CB98BF /* Project object */;
			proxyType = 1;
			remoteGlobalIDString = 23F903C626ECB4E400CB98BF;
			remoteInfo = RedditPosts;
		};
		23F903EC26ECB4E700CB98BF /* PBXContainerItemProxy */ = {
			isa = PBXContainerItemProxy;
			containerPortal = 23F903BF26ECB4E400CB98BF /* Project object */;
			proxyType = 1;
			remoteGlobalIDString = 23F903C626ECB4E400CB98BF;
			remoteInfo = RedditPosts;
		};
/* End PBXContainerItemProxy section */

/* Begin PBXFileReference section */
		23F903C726ECB4E400CB98BF /* RedditPosts.app */ = {isa = PBXFileReference; explicitFileType = wrapper.application; includeInIndex = 0; path = RedditPosts.app; sourceTree = BUILT_PRODUCTS_DIR; };
		23F903CA26ECB4E400CB98BF /* AppDelegate.swift */ = {isa = PBXFileReference; lastKnownFileType = sourcecode.swift; path = AppDelegate.swift; sourceTree = "<group>"; };
		23F903D426ECB4E400CB98BF /* RedditPosts.xcdatamodel */ = {isa = PBXFileReference; lastKnownFileType = wrapper.xcdatamodel; path = RedditPosts.xcdatamodel; sourceTree = "<group>"; };
		23F903D626ECB4E700CB98BF /* Assets.xcassets */ = {isa = PBXFileReference; lastKnownFileType = folder.assetcatalog; path = Assets.xcassets; sourceTree = "<group>"; };
		23F903D926ECB4E700CB98BF /* Base */ = {isa = PBXFileReference; lastKnownFileType = file.storyboard; name = Base; path = Base.lproj/LaunchScreen.storyboard; sourceTree = "<group>"; };
		23F903DB26ECB4E700CB98BF /* Info.plist */ = {isa = PBXFileReference; lastKnownFileType = text.plist.xml; path = Info.plist; sourceTree = "<group>"; };
		23F903E026ECB4E700CB98BF /* RedditPostsTests.xctest */ = {isa = PBXFileReference; explicitFileType = wrapper.cfbundle; includeInIndex = 0; path = RedditPostsTests.xctest; sourceTree = BUILT_PRODUCTS_DIR; };
		23F903E426ECB4E700CB98BF /* RedditPostsTests.swift */ = {isa = PBXFileReference; lastKnownFileType = sourcecode.swift; path = RedditPostsTests.swift; sourceTree = "<group>"; };
		23F903E626ECB4E700CB98BF /* Info.plist */ = {isa = PBXFileReference; lastKnownFileType = text.plist.xml; path = Info.plist; sourceTree = "<group>"; };
		23F903EB26ECB4E700CB98BF /* RedditPostsUITests.xctest */ = {isa = PBXFileReference; explicitFileType = wrapper.cfbundle; includeInIndex = 0; path = RedditPostsUITests.xctest; sourceTree = BUILT_PRODUCTS_DIR; };
		23F903EF26ECB4E700CB98BF /* RedditPostsUITests.swift */ = {isa = PBXFileReference; lastKnownFileType = sourcecode.swift; path = RedditPostsUITests.swift; sourceTree = "<group>"; };
		23F903F126ECB4E700CB98BF /* Info.plist */ = {isa = PBXFileReference; lastKnownFileType = text.plist.xml; path = Info.plist; sourceTree = "<group>"; };
		23F9040326ECC19800CB98BF /* PostsStoryboard.storyboard */ = {isa = PBXFileReference; lastKnownFileType = file.storyboard; path = PostsStoryboard.storyboard; sourceTree = "<group>"; };
		23F9040526ECC1E300CB98BF /* PostsViewController.swift */ = {isa = PBXFileReference; lastKnownFileType = sourcecode.swift; path = PostsViewController.swift; sourceTree = "<group>"; };
		23F9040726ECC22F00CB98BF /* PostsWorker.swift */ = {isa = PBXFileReference; lastKnownFileType = sourcecode.swift; path = PostsWorker.swift; sourceTree = "<group>"; };
		23F9040926ECC23D00CB98BF /* Post.swift */ = {isa = PBXFileReference; lastKnownFileType = sourcecode.swift; path = Post.swift; sourceTree = "<group>"; };
		23F9040B26ECC86D00CB98BF /* PostService.swift */ = {isa = PBXFileReference; lastKnownFileType = sourcecode.swift; path = PostService.swift; sourceTree = "<group>"; };
		23F9040E26ECC8F900CB98BF /* Api.swift */ = {isa = PBXFileReference; lastKnownFileType = sourcecode.swift; path = Api.swift; sourceTree = "<group>"; };
		23F9041026ECCAF300CB98BF /* HttpMethod.swift */ = {isa = PBXFileReference; lastKnownFileType = sourcecode.swift; path = HttpMethod.swift; sourceTree = "<group>"; };
		23F9041226ECCD9C00CB98BF /* Endpoints.swift */ = {isa = PBXFileReference; lastKnownFileType = sourcecode.swift; path = Endpoints.swift; sourceTree = "<group>"; };
		23F9041526ECDB3400CB98BF /* CodableExtensions.swift */ = {isa = PBXFileReference; lastKnownFileType = sourcecode.swift; path = CodableExtensions.swift; sourceTree = "<group>"; };
		23F9041726ECDD2E00CB98BF /* PostsPresenter.swift */ = {isa = PBXFileReference; lastKnownFileType = sourcecode.swift; path = PostsPresenter.swift; sourceTree = "<group>"; };
		23F9041926EE050500CB98BF /* PostsTableViewCell.swift */ = {isa = PBXFileReference; lastKnownFileType = sourcecode.swift; path = PostsTableViewCell.swift; sourceTree = "<group>"; };
/* End PBXFileReference section */

/* Begin PBXFrameworksBuildPhase section */
		23F903C426ECB4E400CB98BF /* Frameworks */ = {
			isa = PBXFrameworksBuildPhase;
			buildActionMask = 2147483647;
			files = (
			);
			runOnlyForDeploymentPostprocessing = 0;
		};
		23F903DD26ECB4E700CB98BF /* Frameworks */ = {
			isa = PBXFrameworksBuildPhase;
			buildActionMask = 2147483647;
			files = (
			);
			runOnlyForDeploymentPostprocessing = 0;
		};
		23F903E826ECB4E700CB98BF /* Frameworks */ = {
			isa = PBXFrameworksBuildPhase;
			buildActionMask = 2147483647;
			files = (
			);
			runOnlyForDeploymentPostprocessing = 0;
		};
/* End PBXFrameworksBuildPhase section */

/* Begin PBXGroup section */
		23F903BE26ECB4E400CB98BF = {
			isa = PBXGroup;
			children = (
				23F903C926ECB4E400CB98BF /* RedditPosts */,
				23F903E326ECB4E700CB98BF /* RedditPostsTests */,
				23F903EE26ECB4E700CB98BF /* RedditPostsUITests */,
				23F903C826ECB4E400CB98BF /* Products */,
			);
			sourceTree = "<group>";
		};
		23F903C826ECB4E400CB98BF /* Products */ = {
			isa = PBXGroup;
			children = (
				23F903C726ECB4E400CB98BF /* RedditPosts.app */,
				23F903E026ECB4E700CB98BF /* RedditPostsTests.xctest */,
				23F903EB26ECB4E700CB98BF /* RedditPostsUITests.xctest */,
			);
			name = Products;
			sourceTree = "<group>";
		};
		23F903C926ECB4E400CB98BF /* RedditPosts */ = {
			isa = PBXGroup;
			children = (
				23F9041426ECDB2300CB98BF /* Extensions */,
				23F9040D26ECC8ED00CB98BF /* Networking */,
				23F903FE26ECC14300CB98BF /* PostDetails */,
				23F903FD26ECC13B00CB98BF /* Posts */,
				23F903CA26ECB4E400CB98BF /* AppDelegate.swift */,
				23F903D626ECB4E700CB98BF /* Assets.xcassets */,
				23F903D826ECB4E700CB98BF /* LaunchScreen.storyboard */,
				23F903DB26ECB4E700CB98BF /* Info.plist */,
				23F903D326ECB4E400CB98BF /* RedditPosts.xcdatamodeld */,
			);
			path = RedditPosts;
			sourceTree = "<group>";
		};
		23F903E326ECB4E700CB98BF /* RedditPostsTests */ = {
			isa = PBXGroup;
			children = (
				23F903E426ECB4E700CB98BF /* RedditPostsTests.swift */,
				23F903E626ECB4E700CB98BF /* Info.plist */,
			);
			path = RedditPostsTests;
			sourceTree = "<group>";
		};
		23F903EE26ECB4E700CB98BF /* RedditPostsUITests */ = {
			isa = PBXGroup;
			children = (
				23F903EF26ECB4E700CB98BF /* RedditPostsUITests.swift */,
				23F903F126ECB4E700CB98BF /* Info.plist */,
			);
			path = RedditPostsUITests;
			sourceTree = "<group>";
		};
		23F903FD26ECC13B00CB98BF /* Posts */ = {
			isa = PBXGroup;
			children = (
				23F9040226ECC17800CB98BF /* UI */,
				23F9040126ECC17300CB98BF /* Services */,
				23F9040026ECC16500CB98BF /* Data */,
				23F903FF26ECC14E00CB98BF /* Networking */,
			);
			path = Posts;
			sourceTree = "<group>";
		};
		23F903FE26ECC14300CB98BF /* PostDetails */ = {
			isa = PBXGroup;
			children = (
			);
			path = PostDetails;
			sourceTree = "<group>";
		};
		23F903FF26ECC14E00CB98BF /* Networking */ = {
			isa = PBXGroup;
			children = (
				23F9040726ECC22F00CB98BF /* PostsWorker.swift */,
			);
			path = Networking;
			sourceTree = "<group>";
		};
		23F9040026ECC16500CB98BF /* Data */ = {
			isa = PBXGroup;
			children = (
				23F9040926ECC23D00CB98BF /* Post.swift */,
			);
			path = Data;
			sourceTree = "<group>";
		};
		23F9040126ECC17300CB98BF /* Services */ = {
			isa = PBXGroup;
			children = (
				23F9040B26ECC86D00CB98BF /* PostService.swift */,
			);
			path = Services;
			sourceTree = "<group>";
		};
		23F9040226ECC17800CB98BF /* UI */ = {
			isa = PBXGroup;
			children = (
				23F9040326ECC19800CB98BF /* PostsStoryboard.storyboard */,
				23F9040526ECC1E300CB98BF /* PostsViewController.swift */,
				23F9041726ECDD2E00CB98BF /* PostsPresenter.swift */,
				23F9041926EE050500CB98BF /* PostsTableViewCell.swift */,
			);
			path = UI;
			sourceTree = "<group>";
		};
		23F9040D26ECC8ED00CB98BF /* Networking */ = {
			isa = PBXGroup;
			children = (
				23F9040E26ECC8F900CB98BF /* Api.swift */,
				23F9041026ECCAF300CB98BF /* HttpMethod.swift */,
				23F9041226ECCD9C00CB98BF /* Endpoints.swift */,
			);
			path = Networking;
			sourceTree = "<group>";
		};
		23F9041426ECDB2300CB98BF /* Extensions */ = {
			isa = PBXGroup;
			children = (
				23F9041526ECDB3400CB98BF /* CodableExtensions.swift */,
			);
			path = Extensions;
			sourceTree = "<group>";
		};
/* End PBXGroup section */

/* Begin PBXNativeTarget section */
		23F903C626ECB4E400CB98BF /* RedditPosts */ = {
			isa = PBXNativeTarget;
			buildConfigurationList = 23F903F426ECB4E700CB98BF /* Build configuration list for PBXNativeTarget "RedditPosts" */;
			buildPhases = (
				23F903C326ECB4E400CB98BF /* Sources */,
				23F903C426ECB4E400CB98BF /* Frameworks */,
				23F903C526ECB4E400CB98BF /* Resources */,
			);
			buildRules = (
			);
			dependencies = (
			);
			name = RedditPosts;
			productName = RedditPosts;
			productReference = 23F903C726ECB4E400CB98BF /* RedditPosts.app */;
			productType = "com.apple.product-type.application";
		};
		23F903DF26ECB4E700CB98BF /* RedditPostsTests */ = {
			isa = PBXNativeTarget;
			buildConfigurationList = 23F903F726ECB4E700CB98BF /* Build configuration list for PBXNativeTarget "RedditPostsTests" */;
			buildPhases = (
				23F903DC26ECB4E700CB98BF /* Sources */,
				23F903DD26ECB4E700CB98BF /* Frameworks */,
				23F903DE26ECB4E700CB98BF /* Resources */,
			);
			buildRules = (
			);
			dependencies = (
				23F903E226ECB4E700CB98BF /* PBXTargetDependency */,
			);
			name = RedditPostsTests;
			productName = RedditPostsTests;
			productReference = 23F903E026ECB4E700CB98BF /* RedditPostsTests.xctest */;
			productType = "com.apple.product-type.bundle.unit-test";
		};
		23F903EA26ECB4E700CB98BF /* RedditPostsUITests */ = {
			isa = PBXNativeTarget;
			buildConfigurationList = 23F903FA26ECB4E700CB98BF /* Build configuration list for PBXNativeTarget "RedditPostsUITests" */;
			buildPhases = (
				23F903E726ECB4E700CB98BF /* Sources */,
				23F903E826ECB4E700CB98BF /* Frameworks */,
				23F903E926ECB4E700CB98BF /* Resources */,
			);
			buildRules = (
			);
			dependencies = (
				23F903ED26ECB4E700CB98BF /* PBXTargetDependency */,
			);
			name = RedditPostsUITests;
			productName = RedditPostsUITests;
			productReference = 23F903EB26ECB4E700CB98BF /* RedditPostsUITests.xctest */;
			productType = "com.apple.product-type.bundle.ui-testing";
		};
/* End PBXNativeTarget section */

/* Begin PBXProject section */
		23F903BF26ECB4E400CB98BF /* Project object */ = {
			isa = PBXProject;
			attributes = {
				LastSwiftUpdateCheck = 1250;
				LastUpgradeCheck = 1250;
				TargetAttributes = {
					23F903C626ECB4E400CB98BF = {
						CreatedOnToolsVersion = 12.5.1;
					};
					23F903DF26ECB4E700CB98BF = {
						CreatedOnToolsVersion = 12.5.1;
						TestTargetID = 23F903C626ECB4E400CB98BF;
					};
					23F903EA26ECB4E700CB98BF = {
						CreatedOnToolsVersion = 12.5.1;
						TestTargetID = 23F903C626ECB4E400CB98BF;
					};
				};
			};
			buildConfigurationList = 23F903C226ECB4E400CB98BF /* Build configuration list for PBXProject "RedditPosts" */;
			compatibilityVersion = "Xcode 9.3";
			developmentRegion = en;
			hasScannedForEncodings = 0;
			knownRegions = (
				en,
				Base,
			);
			mainGroup = 23F903BE26ECB4E400CB98BF;
			productRefGroup = 23F903C826ECB4E400CB98BF /* Products */;
			projectDirPath = "";
			projectRoot = "";
			targets = (
				23F903C626ECB4E400CB98BF /* RedditPosts */,
				23F903DF26ECB4E700CB98BF /* RedditPostsTests */,
				23F903EA26ECB4E700CB98BF /* RedditPostsUITests */,
			);
		};
/* End PBXProject section */

/* Begin PBXResourcesBuildPhase section */
		23F903C526ECB4E400CB98BF /* Resources */ = {
			isa = PBXResourcesBuildPhase;
			buildActionMask = 2147483647;
			files = (
				23F903DA26ECB4E700CB98BF /* LaunchScreen.storyboard in Resources */,
				23F903D726ECB4E700CB98BF /* Assets.xcassets in Resources */,
				23F9040426ECC19800CB98BF /* PostsStoryboard.storyboard in Resources */,
			);
			runOnlyForDeploymentPostprocessing = 0;
		};
		23F903DE26ECB4E700CB98BF /* Resources */ = {
			isa = PBXResourcesBuildPhase;
			buildActionMask = 2147483647;
			files = (
			);
			runOnlyForDeploymentPostprocessing = 0;
		};
		23F903E926ECB4E700CB98BF /* Resources */ = {
			isa = PBXResourcesBuildPhase;
			buildActionMask = 2147483647;
			files = (
			);
			runOnlyForDeploymentPostprocessing = 0;
		};
/* End PBXResourcesBuildPhase section */

/* Begin PBXSourcesBuildPhase section */
		23F903C326ECB4E400CB98BF /* Sources */ = {
			isa = PBXSourcesBuildPhase;
			buildActionMask = 2147483647;
			files = (
				23F9040626ECC1E300CB98BF /* PostsViewController.swift in Sources */,
				23F9040C26ECC86D00CB98BF /* PostService.swift in Sources */,
				23F9041626ECDB3400CB98BF /* CodableExtensions.swift in Sources */,
				23F9041A26EE050500CB98BF /* PostsTableViewCell.swift in Sources */,
				23F9041826ECDD2E00CB98BF /* PostsPresenter.swift in Sources */,
				23F903D526ECB4E400CB98BF /* RedditPosts.xcdatamodeld in Sources */,
				23F903CB26ECB4E400CB98BF /* AppDelegate.swift in Sources */,
				23F9041126ECCAF300CB98BF /* HttpMethod.swift in Sources */,
				23F9040826ECC22F00CB98BF /* PostsWorker.swift in Sources */,
				23F9040F26ECC8F900CB98BF /* Api.swift in Sources */,
				23F9041326ECCD9C00CB98BF /* Endpoints.swift in Sources */,
				23F9040A26ECC23D00CB98BF /* Post.swift in Sources */,
			);
			runOnlyForDeploymentPostprocessing = 0;
		};
		23F903DC26ECB4E700CB98BF /* Sources */ = {
			isa = PBXSourcesBuildPhase;
			buildActionMask = 2147483647;
			files = (
				23F903E526ECB4E700CB98BF /* RedditPostsTests.swift in Sources */,
			);
			runOnlyForDeploymentPostprocessing = 0;
		};
		23F903E726ECB4E700CB98BF /* Sources */ = {
			isa = PBXSourcesBuildPhase;
			buildActionMask = 2147483647;
			files = (
				23F903F026ECB4E700CB98BF /* RedditPostsUITests.swift in Sources */,
			);
			runOnlyForDeploymentPostprocessing = 0;
		};
/* End PBXSourcesBuildPhase section */

/* Begin PBXTargetDependency section */
		23F903E226ECB4E700CB98BF /* PBXTargetDependency */ = {
			isa = PBXTargetDependency;
			target = 23F903C626ECB4E400CB98BF /* RedditPosts */;
			targetProxy = 23F903E126ECB4E700CB98BF /* PBXContainerItemProxy */;
		};
		23F903ED26ECB4E700CB98BF /* PBXTargetDependency */ = {
			isa = PBXTargetDependency;
			target = 23F903C626ECB4E400CB98BF /* RedditPosts */;
			targetProxy = 23F903EC26ECB4E700CB98BF /* PBXContainerItemProxy */;
		};
/* End PBXTargetDependency section */

/* Begin PBXVariantGroup section */
		23F903D826ECB4E700CB98BF /* LaunchScreen.storyboard */ = {
			isa = PBXVariantGroup;
			children = (
				23F903D926ECB4E700CB98BF /* Base */,
			);
			name = LaunchScreen.storyboard;
			sourceTree = "<group>";
		};
/* End PBXVariantGroup section */

/* Begin XCBuildConfiguration section */
		23F903F226ECB4E700CB98BF /* Debug */ = {
			isa = XCBuildConfiguration;
			buildSettings = {
				ALWAYS_SEARCH_USER_PATHS = NO;
				CLANG_ANALYZER_NONNULL = YES;
				CLANG_ANALYZER_NUMBER_OBJECT_CONVERSION = YES_AGGRESSIVE;
				CLANG_CXX_LANGUAGE_STANDARD = "gnu++14";
				CLANG_CXX_LIBRARY = "libc++";
				CLANG_ENABLE_MODULES = YES;
				CLANG_ENABLE_OBJC_ARC = YES;
				CLANG_ENABLE_OBJC_WEAK = YES;
				CLANG_WARN_BLOCK_CAPTURE_AUTORELEASING = YES;
				CLANG_WARN_BOOL_CONVERSION = YES;
				CLANG_WARN_COMMA = YES;
				CLANG_WARN_CONSTANT_CONVERSION = YES;
				CLANG_WARN_DEPRECATED_OBJC_IMPLEMENTATIONS = YES;
				CLANG_WARN_DIRECT_OBJC_ISA_USAGE = YES_ERROR;
				CLANG_WARN_DOCUMENTATION_COMMENTS = YES;
				CLANG_WARN_EMPTY_BODY = YES;
				CLANG_WARN_ENUM_CONVERSION = YES;
				CLANG_WARN_INFINITE_RECURSION = YES;
				CLANG_WARN_INT_CONVERSION = YES;
				CLANG_WARN_NON_LITERAL_NULL_CONVERSION = YES;
				CLANG_WARN_OBJC_IMPLICIT_RETAIN_SELF = YES;
				CLANG_WARN_OBJC_LITERAL_CONVERSION = YES;
				CLANG_WARN_OBJC_ROOT_CLASS = YES_ERROR;
				CLANG_WARN_QUOTED_INCLUDE_IN_FRAMEWORK_HEADER = YES;
				CLANG_WARN_RANGE_LOOP_ANALYSIS = YES;
				CLANG_WARN_STRICT_PROTOTYPES = YES;
				CLANG_WARN_SUSPICIOUS_MOVE = YES;
				CLANG_WARN_UNGUARDED_AVAILABILITY = YES_AGGRESSIVE;
				CLANG_WARN_UNREACHABLE_CODE = YES;
				CLANG_WARN__DUPLICATE_METHOD_MATCH = YES;
				COPY_PHASE_STRIP = NO;
				DEBUG_INFORMATION_FORMAT = dwarf;
				ENABLE_STRICT_OBJC_MSGSEND = YES;
				ENABLE_TESTABILITY = YES;
				GCC_C_LANGUAGE_STANDARD = gnu11;
				GCC_DYNAMIC_NO_PIC = NO;
				GCC_NO_COMMON_BLOCKS = YES;
				GCC_OPTIMIZATION_LEVEL = 0;
				GCC_PREPROCESSOR_DEFINITIONS = (
					"DEBUG=1",
					"$(inherited)",
				);
				GCC_WARN_64_TO_32_BIT_CONVERSION = YES;
				GCC_WARN_ABOUT_RETURN_TYPE = YES_ERROR;
				GCC_WARN_UNDECLARED_SELECTOR = YES;
				GCC_WARN_UNINITIALIZED_AUTOS = YES_AGGRESSIVE;
				GCC_WARN_UNUSED_FUNCTION = YES;
				GCC_WARN_UNUSED_VARIABLE = YES;
				IPHONEOS_DEPLOYMENT_TARGET = 14.5;
				MTL_ENABLE_DEBUG_INFO = INCLUDE_SOURCE;
				MTL_FAST_MATH = YES;
				ONLY_ACTIVE_ARCH = YES;
				SDKROOT = iphoneos;
				SWIFT_ACTIVE_COMPILATION_CONDITIONS = DEBUG;
				SWIFT_OPTIMIZATION_LEVEL = "-Onone";
			};
			name = Debug;
		};
		23F903F326ECB4E700CB98BF /* Release */ = {
			isa = XCBuildConfiguration;
			buildSettings = {
				ALWAYS_SEARCH_USER_PATHS = NO;
				CLANG_ANALYZER_NONNULL = YES;
				CLANG_ANALYZER_NUMBER_OBJECT_CONVERSION = YES_AGGRESSIVE;
				CLANG_CXX_LANGUAGE_STANDARD = "gnu++14";
				CLANG_CXX_LIBRARY = "libc++";
				CLANG_ENABLE_MODULES = YES;
				CLANG_ENABLE_OBJC_ARC = YES;
				CLANG_ENABLE_OBJC_WEAK = YES;
				CLANG_WARN_BLOCK_CAPTURE_AUTORELEASING = YES;
				CLANG_WARN_BOOL_CONVERSION = YES;
				CLANG_WARN_COMMA = YES;
				CLANG_WARN_CONSTANT_CONVERSION = YES;
				CLANG_WARN_DEPRECATED_OBJC_IMPLEMENTATIONS = YES;
				CLANG_WARN_DIRECT_OBJC_ISA_USAGE = YES_ERROR;
				CLANG_WARN_DOCUMENTATION_COMMENTS = YES;
				CLANG_WARN_EMPTY_BODY = YES;
				CLANG_WARN_ENUM_CONVERSION = YES;
				CLANG_WARN_INFINITE_RECURSION = YES;
				CLANG_WARN_INT_CONVERSION = YES;
				CLANG_WARN_NON_LITERAL_NULL_CONVERSION = YES;
				CLANG_WARN_OBJC_IMPLICIT_RETAIN_SELF = YES;
				CLANG_WARN_OBJC_LITERAL_CONVERSION = YES;
				CLANG_WARN_OBJC_ROOT_CLASS = YES_ERROR;
				CLANG_WARN_QUOTED_INCLUDE_IN_FRAMEWORK_HEADER = YES;
				CLANG_WARN_RANGE_LOOP_ANALYSIS = YES;
				CLANG_WARN_STRICT_PROTOTYPES = YES;
				CLANG_WARN_SUSPICIOUS_MOVE = YES;
				CLANG_WARN_UNGUARDED_AVAILABILITY = YES_AGGRESSIVE;
				CLANG_WARN_UNREACHABLE_CODE = YES;
				CLANG_WARN__DUPLICATE_METHOD_MATCH = YES;
				COPY_PHASE_STRIP = NO;
				DEBUG_INFORMATION_FORMAT = "dwarf-with-dsym";
				ENABLE_NS_ASSERTIONS = NO;
				ENABLE_STRICT_OBJC_MSGSEND = YES;
				GCC_C_LANGUAGE_STANDARD = gnu11;
				GCC_NO_COMMON_BLOCKS = YES;
				GCC_WARN_64_TO_32_BIT_CONVERSION = YES;
				GCC_WARN_ABOUT_RETURN_TYPE = YES_ERROR;
				GCC_WARN_UNDECLARED_SELECTOR = YES;
				GCC_WARN_UNINITIALIZED_AUTOS = YES_AGGRESSIVE;
				GCC_WARN_UNUSED_FUNCTION = YES;
				GCC_WARN_UNUSED_VARIABLE = YES;
				IPHONEOS_DEPLOYMENT_TARGET = 14.5;
				MTL_ENABLE_DEBUG_INFO = NO;
				MTL_FAST_MATH = YES;
				SDKROOT = iphoneos;
				SWIFT_COMPILATION_MODE = wholemodule;
				SWIFT_OPTIMIZATION_LEVEL = "-O";
				VALIDATE_PRODUCT = YES;
			};
			name = Release;
		};
		23F903F526ECB4E700CB98BF /* Debug */ = {
			isa = XCBuildConfiguration;
			buildSettings = {
				ASSETCATALOG_COMPILER_APPICON_NAME = AppIcon;
				ASSETCATALOG_COMPILER_GLOBAL_ACCENT_COLOR_NAME = AccentColor;
				CODE_SIGN_STYLE = Automatic;
				INFOPLIST_FILE = RedditPosts/Info.plist;
				IPHONEOS_DEPLOYMENT_TARGET = 12.1;
				LD_RUNPATH_SEARCH_PATHS = (
					"$(inherited)",
					"@executable_path/Frameworks",
				);
				PRODUCT_BUNDLE_IDENTIFIER = com.jnazario.RedditPosts;
				PRODUCT_NAME = "$(TARGET_NAME)";
				SWIFT_VERSION = 5.0;
				TARGETED_DEVICE_FAMILY = "1,2";
			};
			name = Debug;
		};
		23F903F626ECB4E700CB98BF /* Release */ = {
			isa = XCBuildConfiguration;
			buildSettings = {
				ASSETCATALOG_COMPILER_APPICON_NAME = AppIcon;
				ASSETCATALOG_COMPILER_GLOBAL_ACCENT_COLOR_NAME = AccentColor;
				CODE_SIGN_STYLE = Automatic;
				INFOPLIST_FILE = RedditPosts/Info.plist;
				IPHONEOS_DEPLOYMENT_TARGET = 12.1;
				LD_RUNPATH_SEARCH_PATHS = (
					"$(inherited)",
					"@executable_path/Frameworks",
				);
				PRODUCT_BUNDLE_IDENTIFIER = com.jnazario.RedditPosts;
				PRODUCT_NAME = "$(TARGET_NAME)";
				SWIFT_VERSION = 5.0;
				TARGETED_DEVICE_FAMILY = "1,2";
			};
			name = Release;
		};
		23F903F826ECB4E700CB98BF /* Debug */ = {
			isa = XCBuildConfiguration;
			buildSettings = {
				ALWAYS_EMBED_SWIFT_STANDARD_LIBRARIES = YES;
				BUNDLE_LOADER = "$(TEST_HOST)";
				CODE_SIGN_STYLE = Automatic;
				INFOPLIST_FILE = RedditPostsTests/Info.plist;
				IPHONEOS_DEPLOYMENT_TARGET = 14.5;
				LD_RUNPATH_SEARCH_PATHS = (
					"$(inherited)",
					"@executable_path/Frameworks",
					"@loader_path/Frameworks",
				);
				PRODUCT_BUNDLE_IDENTIFIER = com.jnazario.RedditPostsTests;
				PRODUCT_NAME = "$(TARGET_NAME)";
				SWIFT_VERSION = 5.0;
				TARGETED_DEVICE_FAMILY = "1,2";
				TEST_HOST = "$(BUILT_PRODUCTS_DIR)/RedditPosts.app/RedditPosts";
			};
			name = Debug;
		};
		23F903F926ECB4E700CB98BF /* Release */ = {
			isa = XCBuildConfiguration;
			buildSettings = {
				ALWAYS_EMBED_SWIFT_STANDARD_LIBRARIES = YES;
				BUNDLE_LOADER = "$(TEST_HOST)";
				CODE_SIGN_STYLE = Automatic;
				INFOPLIST_FILE = RedditPostsTests/Info.plist;
				IPHONEOS_DEPLOYMENT_TARGET = 14.5;
				LD_RUNPATH_SEARCH_PATHS = (
					"$(inherited)",
					"@executable_path/Frameworks",
					"@loader_path/Frameworks",
				);
				PRODUCT_BUNDLE_IDENTIFIER = com.jnazario.RedditPostsTests;
				PRODUCT_NAME = "$(TARGET_NAME)";
				SWIFT_VERSION = 5.0;
				TARGETED_DEVICE_FAMILY = "1,2";
				TEST_HOST = "$(BUILT_PRODUCTS_DIR)/RedditPosts.app/RedditPosts";
			};
			name = Release;
		};
		23F903FB26ECB4E700CB98BF /* Debug */ = {
			isa = XCBuildConfiguration;
			buildSettings = {
				ALWAYS_EMBED_SWIFT_STANDARD_LIBRARIES = YES;
				CODE_SIGN_STYLE = Automatic;
				INFOPLIST_FILE = RedditPostsUITests/Info.plist;
				LD_RUNPATH_SEARCH_PATHS = (
					"$(inherited)",
					"@executable_path/Frameworks",
					"@loader_path/Frameworks",
				);
				PRODUCT_BUNDLE_IDENTIFIER = com.jnazario.RedditPostsUITests;
				PRODUCT_NAME = "$(TARGET_NAME)";
				SWIFT_VERSION = 5.0;
				TARGETED_DEVICE_FAMILY = "1,2";
				TEST_TARGET_NAME = RedditPosts;
			};
			name = Debug;
		};
		23F903FC26ECB4E700CB98BF /* Release */ = {
			isa = XCBuildConfiguration;
			buildSettings = {
				ALWAYS_EMBED_SWIFT_STANDARD_LIBRARIES = YES;
				CODE_SIGN_STYLE = Automatic;
				INFOPLIST_FILE = RedditPostsUITests/Info.plist;
				LD_RUNPATH_SEARCH_PATHS = (
					"$(inherited)",
					"@executable_path/Frameworks",
					"@loader_path/Frameworks",
				);
				PRODUCT_BUNDLE_IDENTIFIER = com.jnazario.RedditPostsUITests;
				PRODUCT_NAME = "$(TARGET_NAME)";
				SWIFT_VERSION = 5.0;
				TARGETED_DEVICE_FAMILY = "1,2";
				TEST_TARGET_NAME = RedditPosts;
			};
			name = Release;
		};
/* End XCBuildConfiguration section */

/* Begin XCConfigurationList section */
		23F903C226ECB4E400CB98BF /* Build configuration list for PBXProject "RedditPosts" */ = {
			isa = XCConfigurationList;
			buildConfigurations = (
				23F903F226ECB4E700CB98BF /* Debug */,
				23F903F326ECB4E700CB98BF /* Release */,
			);
			defaultConfigurationIsVisible = 0;
			defaultConfigurationName = Release;
		};
		23F903F426ECB4E700CB98BF /* Build configuration list for PBXNativeTarget "RedditPosts" */ = {
			isa = XCConfigurationList;
			buildConfigurations = (
				23F903F526ECB4E700CB98BF /* Debug */,
				23F903F626ECB4E700CB98BF /* Release */,
			);
			defaultConfigurationIsVisible = 0;
			defaultConfigurationName = Release;
		};
		23F903F726ECB4E700CB98BF /* Build configuration list for PBXNativeTarget "RedditPostsTests" */ = {
			isa = XCConfigurationList;
			buildConfigurations = (
				23F903F826ECB4E700CB98BF /* Debug */,
				23F903F926ECB4E700CB98BF /* Release */,
			);
			defaultConfigurationIsVisible = 0;
			defaultConfigurationName = Release;
		};
		23F903FA26ECB4E700CB98BF /* Build configuration list for PBXNativeTarget "RedditPostsUITests" */ = {
			isa = XCConfigurationList;
			buildConfigurations = (
				23F903FB26ECB4E700CB98BF /* Debug */,
				23F903FC26ECB4E700CB98BF /* Release */,
			);
			defaultConfigurationIsVisible = 0;
			defaultConfigurationName = Release;
		};
/* End XCConfigurationList section */

/* Begin XCVersionGroup section */
		23F903D326ECB4E400CB98BF /* RedditPosts.xcdatamodeld */ = {
			isa = XCVersionGroup;
			children = (
				23F903D426ECB4E400CB98BF /* RedditPosts.xcdatamodel */,
			);
			currentVersion = 23F903D426ECB4E400CB98BF /* RedditPosts.xcdatamodel */;
			path = RedditPosts.xcdatamodeld;
			sourceTree = "<group>";
			versionGroupType = wrapper.xcdatamodel;
		};
/* End XCVersionGroup section */
	};
	rootObject = 23F903BF26ECB4E400CB98BF /* Project object */;
}
